// !$*UTF8*$!
{
	archiveVersion = 1;
	classes = {
	};
	objectVersion = 56;
	objects = {

/* Begin PBXBuildFile section */
		21A970782A444D5B0053DCF4 /* AppDelegate.swift in Sources */ = {isa = PBXBuildFile; fileRef = 21A970772A444D5B0053DCF4 /* AppDelegate.swift */; };
		21A9707A2A444D5B0053DCF4 /* SceneDelegate.swift in Sources */ = {isa = PBXBuildFile; fileRef = 21A970792A444D5B0053DCF4 /* SceneDelegate.swift */; };
		21A970822A444D5B0053DCF4 /* NewsApp.xcdatamodeld in Sources */ = {isa = PBXBuildFile; fileRef = 21A970802A444D5B0053DCF4 /* NewsApp.xcdatamodeld */; };
		21A970842A444D5C0053DCF4 /* Assets.xcassets in Resources */ = {isa = PBXBuildFile; fileRef = 21A970832A444D5C0053DCF4 /* Assets.xcassets */; };
		21A970872A444D5C0053DCF4 /* LaunchScreen.storyboard in Resources */ = {isa = PBXBuildFile; fileRef = 21A970852A444D5C0053DCF4 /* LaunchScreen.storyboard */; };
		21A970922A444D5C0053DCF4 /* NewsAppTests.swift in Sources */ = {isa = PBXBuildFile; fileRef = 21A970912A444D5C0053DCF4 /* NewsAppTests.swift */; };
		21A9709C2A444D5C0053DCF4 /* NewsAppUITests.swift in Sources */ = {isa = PBXBuildFile; fileRef = 21A9709B2A444D5C0053DCF4 /* NewsAppUITests.swift */; };
		21A9709E2A444D5C0053DCF4 /* NewsAppUITestsLaunchTests.swift in Sources */ = {isa = PBXBuildFile; fileRef = 21A9709D2A444D5C0053DCF4 /* NewsAppUITestsLaunchTests.swift */; };
		21A970AD2A4478AD0053DCF4 /* TabBarCreator.swift in Sources */ = {isa = PBXBuildFile; fileRef = 21A970AC2A4478AD0053DCF4 /* TabBarCreator.swift */; };
		21A970AF2A447D7D0053DCF4 /* NewsViewController.swift in Sources */ = {isa = PBXBuildFile; fileRef = 21A970AE2A447D7D0053DCF4 /* NewsViewController.swift */; };
		21A970B12A447D8D0053DCF4 /* FavoriteNewsTableViewController.swift in Sources */ = {isa = PBXBuildFile; fileRef = 21A970B02A447D8D0053DCF4 /* FavoriteNewsTableViewController.swift */; };
		21A970B52A447EA60053DCF4 /* NetworkService.swift in Sources */ = {isa = PBXBuildFile; fileRef = 21A970B42A447EA60053DCF4 /* NetworkService.swift */; };
		21A970B92A447F3C0053DCF4 /* NewsModelAPI.swift in Sources */ = {isa = PBXBuildFile; fileRef = 21A970B82A447F3C0053DCF4 /* NewsModelAPI.swift */; };
		21A970BB2A4485B00053DCF4 /* Errors.swift in Sources */ = {isa = PBXBuildFile; fileRef = 21A970BA2A4485B00053DCF4 /* Errors.swift */; };
		21A970BD2A4488200053DCF4 /* SessionService.swift in Sources */ = {isa = PBXBuildFile; fileRef = 21A970BC2A4488200053DCF4 /* SessionService.swift */; };
		21A970BF2A4488B80053DCF4 /* JSONParser.swift in Sources */ = {isa = PBXBuildFile; fileRef = 21A970BE2A4488B80053DCF4 /* JSONParser.swift */; };
		21A970C12A4489180053DCF4 /* News.swift in Sources */ = {isa = PBXBuildFile; fileRef = 21A970C02A4489180053DCF4 /* News.swift */; };
		21A970C32A448DF70053DCF4 /* NewsCreator.swift in Sources */ = {isa = PBXBuildFile; fileRef = 21A970C22A448DF70053DCF4 /* NewsCreator.swift */; };
		21A970C62A448FC30053DCF4 /* NewsPresenter.swift in Sources */ = {isa = PBXBuildFile; fileRef = 21A970C52A448FC30053DCF4 /* NewsPresenter.swift */; };
		21A970C82A448FCD0053DCF4 /* NewsInteractor.swift in Sources */ = {isa = PBXBuildFile; fileRef = 21A970C72A448FCD0053DCF4 /* NewsInteractor.swift */; };
		21A970CA2A4493A50053DCF4 /* Constants.swift in Sources */ = {isa = PBXBuildFile; fileRef = 21A970C92A4493A50053DCF4 /* Constants.swift */; };
		21A970CD2A4498D60053DCF4 /* Builder.swift in Sources */ = {isa = PBXBuildFile; fileRef = 21A970CC2A4498D60053DCF4 /* Builder.swift */; };
		21A970CF2A44B5400053DCF4 /* NewsTableViewCell.swift in Sources */ = {isa = PBXBuildFile; fileRef = 21A970CE2A44B5400053DCF4 /* NewsTableViewCell.swift */; };
		21A970D22A4567710053DCF4 /* FavoriteNewsPresenter.swift in Sources */ = {isa = PBXBuildFile; fileRef = 21A970D12A4567710053DCF4 /* FavoriteNewsPresenter.swift */; };
		21A970D42A45677E0053DCF4 /* FavoriteNewsInteractor.swift in Sources */ = {isa = PBXBuildFile; fileRef = 21A970D32A45677E0053DCF4 /* FavoriteNewsInteractor.swift */; };
		21A970D62A4574C90053DCF4 /* DetailNewsViewController.swift in Sources */ = {isa = PBXBuildFile; fileRef = 21A970D52A4574C90053DCF4 /* DetailNewsViewController.swift */; };
		21A970D92A4576CB0053DCF4 /* DetailNewsPresenter.swift in Sources */ = {isa = PBXBuildFile; fileRef = 21A970D82A4576CB0053DCF4 /* DetailNewsPresenter.swift */; };
		21A970DB2A457EC60053DCF4 /* NewsRouter.swift in Sources */ = {isa = PBXBuildFile; fileRef = 21A970DA2A457EC60053DCF4 /* NewsRouter.swift */; };
		21A970DF2A4582180053DCF4 /* DetailInteractor.swift in Sources */ = {isa = PBXBuildFile; fileRef = 21A970DE2A4582180053DCF4 /* DetailInteractor.swift */; };
		21A970EA2A45B2750053DCF4 /* CoreDataStack.swift in Sources */ = {isa = PBXBuildFile; fileRef = 21A970E92A45B2750053DCF4 /* CoreDataStack.swift */; };
		21D2DA662A473370007EFA6E /* FavoriteNew+CoreDataClass.swift in Sources */ = {isa = PBXBuildFile; fileRef = 21D2DA642A473370007EFA6E /* FavoriteNew+CoreDataClass.swift */; };
		21D2DA672A473370007EFA6E /* FavoriteNew+CoreDataProperties.swift in Sources */ = {isa = PBXBuildFile; fileRef = 21D2DA652A473370007EFA6E /* FavoriteNew+CoreDataProperties.swift */; };
		21D2DA692A473A8A007EFA6E /* Cache.swift in Sources */ = {isa = PBXBuildFile; fileRef = 21D2DA682A473A8A007EFA6E /* Cache.swift */; };
		21D2DA6B2A474E4C007EFA6E /* NavigationControllerCreator.swift in Sources */ = {isa = PBXBuildFile; fileRef = 21D2DA6A2A474E4C007EFA6E /* NavigationControllerCreator.swift */; };
		21D2DA6D2A474F1A007EFA6E /* ViewControllersUpdater.swift in Sources */ = {isa = PBXBuildFile; fileRef = 21D2DA6C2A474F1A007EFA6E /* ViewControllersUpdater.swift */; };
		21D2DA752A4767D1007EFA6E /* BuilderProtocol.swift in Sources */ = {isa = PBXBuildFile; fileRef = 21D2DA742A4767D1007EFA6E /* BuilderProtocol.swift */; };
		21D2DA772A476820007EFA6E /* RouterProtocol.swift in Sources */ = {isa = PBXBuildFile; fileRef = 21D2DA762A476820007EFA6E /* RouterProtocol.swift */; };
		21D2DA792A476886007EFA6E /* FavoriteRouter.swift in Sources */ = {isa = PBXBuildFile; fileRef = 21D2DA782A476886007EFA6E /* FavoriteRouter.swift */; };
		21D2DA7B2A4768E7007EFA6E /* Router.swift in Sources */ = {isa = PBXBuildFile; fileRef = 21D2DA7A2A4768E7007EFA6E /* Router.swift */; };
		21D2DA7D2A477274007EFA6E /* JSONParserProtocol.swift in Sources */ = {isa = PBXBuildFile; fileRef = 21D2DA7C2A477274007EFA6E /* JSONParserProtocol.swift */; };
		21D2DA7F2A47728F007EFA6E /* NewsCreatorProtocol.swift in Sources */ = {isa = PBXBuildFile; fileRef = 21D2DA7E2A47728F007EFA6E /* NewsCreatorProtocol.swift */; };
		21D2DA832A4772CE007EFA6E /* NetworkServiceProtocol.swift in Sources */ = {isa = PBXBuildFile; fileRef = 21D2DA822A4772CE007EFA6E /* NetworkServiceProtocol.swift */; };
		21D2DA852A477388007EFA6E /* NewTableViewCellDelegate.swift in Sources */ = {isa = PBXBuildFile; fileRef = 21D2DA842A477388007EFA6E /* NewTableViewCellDelegate.swift */; };
		21D2DA872A4773E5007EFA6E /* NewsTableViewCell + Extension.swift in Sources */ = {isa = PBXBuildFile; fileRef = 21D2DA862A4773E5007EFA6E /* NewsTableViewCell + Extension.swift */; };
		21D2DA892A47764E007EFA6E /* NewsViewControllerProtocol.swift in Sources */ = {isa = PBXBuildFile; fileRef = 21D2DA882A47764E007EFA6E /* NewsViewControllerProtocol.swift */; };
		21D2DA8B2A47767F007EFA6E /* NewsViewController + Extensions.swift in Sources */ = {isa = PBXBuildFile; fileRef = 21D2DA8A2A47767F007EFA6E /* NewsViewController + Extensions.swift */; };
		21D2DA8D2A47771F007EFA6E /* NewsInteractorProtocol.swift in Sources */ = {isa = PBXBuildFile; fileRef = 21D2DA8C2A47771F007EFA6E /* NewsInteractorProtocol.swift */; };
		21D2DA922A477764007EFA6E /* NewsPresenterProtocol.swift in Sources */ = {isa = PBXBuildFile; fileRef = 21D2DA912A477764007EFA6E /* NewsPresenterProtocol.swift */; };
		21D2DA942A47787A007EFA6E /* FavoriteNewsViewControllerProtocol.swift in Sources */ = {isa = PBXBuildFile; fileRef = 21D2DA932A47787A007EFA6E /* FavoriteNewsViewControllerProtocol.swift */; };
		21D2DA962A477925007EFA6E /* FavoriteNewsViewController + Extensions.swift in Sources */ = {isa = PBXBuildFile; fileRef = 21D2DA952A477925007EFA6E /* FavoriteNewsViewController + Extensions.swift */; };
		21D2DA9A2A477A0D007EFA6E /* FavoriteNewsInteractorProtocol.swift in Sources */ = {isa = PBXBuildFile; fileRef = 21D2DA992A477A0D007EFA6E /* FavoriteNewsInteractorProtocol.swift */; };
		21D2DA9C2A477A45007EFA6E /* FavoriteNewsPresenterProtocol.swift in Sources */ = {isa = PBXBuildFile; fileRef = 21D2DA9B2A477A45007EFA6E /* FavoriteNewsPresenterProtocol.swift */; };
		21D2DA9F2A477AAF007EFA6E /* DynamicLabel.swift in Sources */ = {isa = PBXBuildFile; fileRef = 21D2DA9E2A477AAF007EFA6E /* DynamicLabel.swift */; };
		21D2DAA12A477AF4007EFA6E /* DetailNewsViewControllerProtocol.swift in Sources */ = {isa = PBXBuildFile; fileRef = 21D2DAA02A477AF4007EFA6E /* DetailNewsViewControllerProtocol.swift */; };
		21D2DAA32A477B5E007EFA6E /* DetailNewsViewController + Extensions.swift in Sources */ = {isa = PBXBuildFile; fileRef = 21D2DAA22A477B5E007EFA6E /* DetailNewsViewController + Extensions.swift */; };
		21D2DAA62A477BAD007EFA6E /* DetailInteractorProtocol.swift in Sources */ = {isa = PBXBuildFile; fileRef = 21D2DAA52A477BAD007EFA6E /* DetailInteractorProtocol.swift */; };
		21D2DAA92A477C09007EFA6E /* DetailNewsPresenterProtocol.swift in Sources */ = {isa = PBXBuildFile; fileRef = 21D2DAA82A477C09007EFA6E /* DetailNewsPresenterProtocol.swift */; };
		21D2DB1F2A47BDAF007EFA6E /* NewsViewControllerTests.swift in Sources */ = {isa = PBXBuildFile; fileRef = 21D2DB1E2A47BDAF007EFA6E /* NewsViewControllerTests.swift */; };
		21D2DB212A47BDC2007EFA6E /* FavoriteNewsViewControllerTests.swift in Sources */ = {isa = PBXBuildFile; fileRef = 21D2DB202A47BDC2007EFA6E /* FavoriteNewsViewControllerTests.swift */; };
		21D2DB232A47BDD1007EFA6E /* DetailNewsViewControllerTests.swift in Sources */ = {isa = PBXBuildFile; fileRef = 21D2DB222A47BDD1007EFA6E /* DetailNewsViewControllerTests.swift */; };
		21D2DB252A47BF0A007EFA6E /* CommonTableViewCellTests.swift in Sources */ = {isa = PBXBuildFile; fileRef = 21D2DB242A47BF0A007EFA6E /* CommonTableViewCellTests.swift */; };
		21D2DB272A47BF28007EFA6E /* NewsCreatorTests.swift in Sources */ = {isa = PBXBuildFile; fileRef = 21D2DB262A47BF27007EFA6E /* NewsCreatorTests.swift */; };
		21DC36CB2A483F46001DEB1B /* InfoNews.swift in Sources */ = {isa = PBXBuildFile; fileRef = 21DC36CA2A483F46001DEB1B /* InfoNews.swift */; };
		21DC36CD2A48443D001DEB1B /* TypeOfNews.swift in Sources */ = {isa = PBXBuildFile; fileRef = 21DC36CC2A48443D001DEB1B /* TypeOfNews.swift */; };
/* End PBXBuildFile section */

/* Begin PBXContainerItemProxy section */
		21A9708E2A444D5C0053DCF4 /* PBXContainerItemProxy */ = {
			isa = PBXContainerItemProxy;
			containerPortal = 21A9706C2A444D5B0053DCF4 /* Project object */;
			proxyType = 1;
			remoteGlobalIDString = 21A970732A444D5B0053DCF4;
			remoteInfo = NewsApp;
		};
		21A970982A444D5C0053DCF4 /* PBXContainerItemProxy */ = {
			isa = PBXContainerItemProxy;
			containerPortal = 21A9706C2A444D5B0053DCF4 /* Project object */;
			proxyType = 1;
			remoteGlobalIDString = 21A970732A444D5B0053DCF4;
			remoteInfo = NewsApp;
		};
/* End PBXContainerItemProxy section */

/* Begin PBXFileReference section */
		21A970742A444D5B0053DCF4 /* NewsApp.app */ = {isa = PBXFileReference; explicitFileType = wrapper.application; includeInIndex = 0; path = NewsApp.app; sourceTree = BUILT_PRODUCTS_DIR; };
		21A970772A444D5B0053DCF4 /* AppDelegate.swift */ = {isa = PBXFileReference; lastKnownFileType = sourcecode.swift; path = AppDelegate.swift; sourceTree = "<group>"; };
		21A970792A444D5B0053DCF4 /* SceneDelegate.swift */ = {isa = PBXFileReference; lastKnownFileType = sourcecode.swift; path = SceneDelegate.swift; sourceTree = "<group>"; };
		21A970812A444D5B0053DCF4 /* NewsApp.xcdatamodel */ = {isa = PBXFileReference; lastKnownFileType = wrapper.xcdatamodel; path = NewsApp.xcdatamodel; sourceTree = "<group>"; };
		21A970832A444D5C0053DCF4 /* Assets.xcassets */ = {isa = PBXFileReference; lastKnownFileType = folder.assetcatalog; path = Assets.xcassets; sourceTree = "<group>"; };
		21A970862A444D5C0053DCF4 /* Base */ = {isa = PBXFileReference; lastKnownFileType = file.storyboard; name = Base; path = Base.lproj/LaunchScreen.storyboard; sourceTree = "<group>"; };
		21A970882A444D5C0053DCF4 /* Info.plist */ = {isa = PBXFileReference; lastKnownFileType = text.plist.xml; path = Info.plist; sourceTree = "<group>"; };
		21A9708D2A444D5C0053DCF4 /* NewsAppTests.xctest */ = {isa = PBXFileReference; explicitFileType = wrapper.cfbundle; includeInIndex = 0; path = NewsAppTests.xctest; sourceTree = BUILT_PRODUCTS_DIR; };
		21A970912A444D5C0053DCF4 /* NewsAppTests.swift */ = {isa = PBXFileReference; lastKnownFileType = sourcecode.swift; path = NewsAppTests.swift; sourceTree = "<group>"; };
		21A970972A444D5C0053DCF4 /* NewsAppUITests.xctest */ = {isa = PBXFileReference; explicitFileType = wrapper.cfbundle; includeInIndex = 0; path = NewsAppUITests.xctest; sourceTree = BUILT_PRODUCTS_DIR; };
		21A9709B2A444D5C0053DCF4 /* NewsAppUITests.swift */ = {isa = PBXFileReference; lastKnownFileType = sourcecode.swift; path = NewsAppUITests.swift; sourceTree = "<group>"; };
		21A9709D2A444D5C0053DCF4 /* NewsAppUITestsLaunchTests.swift */ = {isa = PBXFileReference; lastKnownFileType = sourcecode.swift; path = NewsAppUITestsLaunchTests.swift; sourceTree = "<group>"; };
		21A970AC2A4478AD0053DCF4 /* TabBarCreator.swift */ = {isa = PBXFileReference; lastKnownFileType = sourcecode.swift; path = TabBarCreator.swift; sourceTree = "<group>"; };
		21A970AE2A447D7D0053DCF4 /* NewsViewController.swift */ = {isa = PBXFileReference; lastKnownFileType = sourcecode.swift; path = NewsViewController.swift; sourceTree = "<group>"; };
		21A970B02A447D8D0053DCF4 /* FavoriteNewsTableViewController.swift */ = {isa = PBXFileReference; lastKnownFileType = sourcecode.swift; path = FavoriteNewsTableViewController.swift; sourceTree = "<group>"; };
		21A970B42A447EA60053DCF4 /* NetworkService.swift */ = {isa = PBXFileReference; lastKnownFileType = sourcecode.swift; path = NetworkService.swift; sourceTree = "<group>"; };
		21A970B82A447F3C0053DCF4 /* NewsModelAPI.swift */ = {isa = PBXFileReference; lastKnownFileType = sourcecode.swift; path = NewsModelAPI.swift; sourceTree = "<group>"; };
		21A970BA2A4485B00053DCF4 /* Errors.swift */ = {isa = PBXFileReference; lastKnownFileType = sourcecode.swift; path = Errors.swift; sourceTree = "<group>"; };
		21A970BC2A4488200053DCF4 /* SessionService.swift */ = {isa = PBXFileReference; lastKnownFileType = sourcecode.swift; path = SessionService.swift; sourceTree = "<group>"; };
		21A970BE2A4488B80053DCF4 /* JSONParser.swift */ = {isa = PBXFileReference; lastKnownFileType = sourcecode.swift; path = JSONParser.swift; sourceTree = "<group>"; };
		21A970C02A4489180053DCF4 /* News.swift */ = {isa = PBXFileReference; lastKnownFileType = sourcecode.swift; path = News.swift; sourceTree = "<group>"; };
		21A970C22A448DF70053DCF4 /* NewsCreator.swift */ = {isa = PBXFileReference; lastKnownFileType = sourcecode.swift; path = NewsCreator.swift; sourceTree = "<group>"; };
		21A970C52A448FC30053DCF4 /* NewsPresenter.swift */ = {isa = PBXFileReference; lastKnownFileType = sourcecode.swift; path = NewsPresenter.swift; sourceTree = "<group>"; };
		21A970C72A448FCD0053DCF4 /* NewsInteractor.swift */ = {isa = PBXFileReference; lastKnownFileType = sourcecode.swift; path = NewsInteractor.swift; sourceTree = "<group>"; };
		21A970C92A4493A50053DCF4 /* Constants.swift */ = {isa = PBXFileReference; lastKnownFileType = sourcecode.swift; path = Constants.swift; sourceTree = "<group>"; };
		21A970CC2A4498D60053DCF4 /* Builder.swift */ = {isa = PBXFileReference; lastKnownFileType = sourcecode.swift; path = Builder.swift; sourceTree = "<group>"; };
		21A970CE2A44B5400053DCF4 /* NewsTableViewCell.swift */ = {isa = PBXFileReference; lastKnownFileType = sourcecode.swift; path = NewsTableViewCell.swift; sourceTree = "<group>"; };
		21A970D12A4567710053DCF4 /* FavoriteNewsPresenter.swift */ = {isa = PBXFileReference; lastKnownFileType = sourcecode.swift; path = FavoriteNewsPresenter.swift; sourceTree = "<group>"; };
		21A970D32A45677E0053DCF4 /* FavoriteNewsInteractor.swift */ = {isa = PBXFileReference; lastKnownFileType = sourcecode.swift; path = FavoriteNewsInteractor.swift; sourceTree = "<group>"; };
		21A970D52A4574C90053DCF4 /* DetailNewsViewController.swift */ = {isa = PBXFileReference; lastKnownFileType = sourcecode.swift; path = DetailNewsViewController.swift; sourceTree = "<group>"; };
		21A970D82A4576CB0053DCF4 /* DetailNewsPresenter.swift */ = {isa = PBXFileReference; lastKnownFileType = sourcecode.swift; path = DetailNewsPresenter.swift; sourceTree = "<group>"; };
		21A970DA2A457EC60053DCF4 /* NewsRouter.swift */ = {isa = PBXFileReference; lastKnownFileType = sourcecode.swift; path = NewsRouter.swift; sourceTree = "<group>"; };
		21A970DE2A4582180053DCF4 /* DetailInteractor.swift */ = {isa = PBXFileReference; lastKnownFileType = sourcecode.swift; path = DetailInteractor.swift; sourceTree = "<group>"; };
		21A970E92A45B2750053DCF4 /* CoreDataStack.swift */ = {isa = PBXFileReference; lastKnownFileType = sourcecode.swift; path = CoreDataStack.swift; sourceTree = "<group>"; };
		21D2DA642A473370007EFA6E /* FavoriteNew+CoreDataClass.swift */ = {isa = PBXFileReference; lastKnownFileType = sourcecode.swift; path = "FavoriteNew+CoreDataClass.swift"; sourceTree = "<group>"; };
		21D2DA652A473370007EFA6E /* FavoriteNew+CoreDataProperties.swift */ = {isa = PBXFileReference; lastKnownFileType = sourcecode.swift; path = "FavoriteNew+CoreDataProperties.swift"; sourceTree = "<group>"; };
		21D2DA682A473A8A007EFA6E /* Cache.swift */ = {isa = PBXFileReference; lastKnownFileType = sourcecode.swift; path = Cache.swift; sourceTree = "<group>"; };
		21D2DA6A2A474E4C007EFA6E /* NavigationControllerCreator.swift */ = {isa = PBXFileReference; lastKnownFileType = sourcecode.swift; path = NavigationControllerCreator.swift; sourceTree = "<group>"; };
		21D2DA6C2A474F1A007EFA6E /* ViewControllersUpdater.swift */ = {isa = PBXFileReference; lastKnownFileType = sourcecode.swift; path = ViewControllersUpdater.swift; sourceTree = "<group>"; };
		21D2DA742A4767D1007EFA6E /* BuilderProtocol.swift */ = {isa = PBXFileReference; lastKnownFileType = sourcecode.swift; path = BuilderProtocol.swift; sourceTree = "<group>"; };
		21D2DA762A476820007EFA6E /* RouterProtocol.swift */ = {isa = PBXFileReference; lastKnownFileType = sourcecode.swift; path = RouterProtocol.swift; sourceTree = "<group>"; };
		21D2DA782A476886007EFA6E /* FavoriteRouter.swift */ = {isa = PBXFileReference; lastKnownFileType = sourcecode.swift; path = FavoriteRouter.swift; sourceTree = "<group>"; };
		21D2DA7A2A4768E7007EFA6E /* Router.swift */ = {isa = PBXFileReference; lastKnownFileType = sourcecode.swift; path = Router.swift; sourceTree = "<group>"; };
		21D2DA7C2A477274007EFA6E /* JSONParserProtocol.swift */ = {isa = PBXFileReference; lastKnownFileType = sourcecode.swift; path = JSONParserProtocol.swift; sourceTree = "<group>"; };
		21D2DA7E2A47728F007EFA6E /* NewsCreatorProtocol.swift */ = {isa = PBXFileReference; lastKnownFileType = sourcecode.swift; path = NewsCreatorProtocol.swift; sourceTree = "<group>"; };
		21D2DA822A4772CE007EFA6E /* NetworkServiceProtocol.swift */ = {isa = PBXFileReference; lastKnownFileType = sourcecode.swift; path = NetworkServiceProtocol.swift; sourceTree = "<group>"; };
		21D2DA842A477388007EFA6E /* NewTableViewCellDelegate.swift */ = {isa = PBXFileReference; lastKnownFileType = sourcecode.swift; path = NewTableViewCellDelegate.swift; sourceTree = "<group>"; };
		21D2DA862A4773E5007EFA6E /* NewsTableViewCell + Extension.swift */ = {isa = PBXFileReference; lastKnownFileType = sourcecode.swift; path = "NewsTableViewCell + Extension.swift"; sourceTree = "<group>"; };
		21D2DA882A47764E007EFA6E /* NewsViewControllerProtocol.swift */ = {isa = PBXFileReference; lastKnownFileType = sourcecode.swift; path = NewsViewControllerProtocol.swift; sourceTree = "<group>"; };
		21D2DA8A2A47767F007EFA6E /* NewsViewController + Extensions.swift */ = {isa = PBXFileReference; lastKnownFileType = sourcecode.swift; path = "NewsViewController + Extensions.swift"; sourceTree = "<group>"; };
		21D2DA8C2A47771F007EFA6E /* NewsInteractorProtocol.swift */ = {isa = PBXFileReference; lastKnownFileType = sourcecode.swift; path = NewsInteractorProtocol.swift; sourceTree = "<group>"; };
		21D2DA912A477764007EFA6E /* NewsPresenterProtocol.swift */ = {isa = PBXFileReference; lastKnownFileType = sourcecode.swift; path = NewsPresenterProtocol.swift; sourceTree = "<group>"; };
		21D2DA932A47787A007EFA6E /* FavoriteNewsViewControllerProtocol.swift */ = {isa = PBXFileReference; lastKnownFileType = sourcecode.swift; path = FavoriteNewsViewControllerProtocol.swift; sourceTree = "<group>"; };
		21D2DA952A477925007EFA6E /* FavoriteNewsViewController + Extensions.swift */ = {isa = PBXFileReference; lastKnownFileType = sourcecode.swift; path = "FavoriteNewsViewController + Extensions.swift"; sourceTree = "<group>"; };
		21D2DA992A477A0D007EFA6E /* FavoriteNewsInteractorProtocol.swift */ = {isa = PBXFileReference; lastKnownFileType = sourcecode.swift; path = FavoriteNewsInteractorProtocol.swift; sourceTree = "<group>"; };
		21D2DA9B2A477A45007EFA6E /* FavoriteNewsPresenterProtocol.swift */ = {isa = PBXFileReference; lastKnownFileType = sourcecode.swift; path = FavoriteNewsPresenterProtocol.swift; sourceTree = "<group>"; };
		21D2DA9E2A477AAF007EFA6E /* DynamicLabel.swift */ = {isa = PBXFileReference; lastKnownFileType = sourcecode.swift; path = DynamicLabel.swift; sourceTree = "<group>"; };
		21D2DAA02A477AF4007EFA6E /* DetailNewsViewControllerProtocol.swift */ = {isa = PBXFileReference; lastKnownFileType = sourcecode.swift; path = DetailNewsViewControllerProtocol.swift; sourceTree = "<group>"; };
		21D2DAA22A477B5E007EFA6E /* DetailNewsViewController + Extensions.swift */ = {isa = PBXFileReference; lastKnownFileType = sourcecode.swift; path = "DetailNewsViewController + Extensions.swift"; sourceTree = "<group>"; };
		21D2DAA52A477BAD007EFA6E /* DetailInteractorProtocol.swift */ = {isa = PBXFileReference; lastKnownFileType = sourcecode.swift; path = DetailInteractorProtocol.swift; sourceTree = "<group>"; };
		21D2DAA82A477C09007EFA6E /* DetailNewsPresenterProtocol.swift */ = {isa = PBXFileReference; lastKnownFileType = sourcecode.swift; path = DetailNewsPresenterProtocol.swift; sourceTree = "<group>"; };
		21D2DB1E2A47BDAF007EFA6E /* NewsViewControllerTests.swift */ = {isa = PBXFileReference; fileEncoding = 4; lastKnownFileType = sourcecode.swift; path = NewsViewControllerTests.swift; sourceTree = "<group>"; };
		21D2DB202A47BDC2007EFA6E /* FavoriteNewsViewControllerTests.swift */ = {isa = PBXFileReference; fileEncoding = 4; lastKnownFileType = sourcecode.swift; path = FavoriteNewsViewControllerTests.swift; sourceTree = "<group>"; };
		21D2DB222A47BDD1007EFA6E /* DetailNewsViewControllerTests.swift */ = {isa = PBXFileReference; fileEncoding = 4; lastKnownFileType = sourcecode.swift; path = DetailNewsViewControllerTests.swift; sourceTree = "<group>"; };
		21D2DB242A47BF0A007EFA6E /* CommonTableViewCellTests.swift */ = {isa = PBXFileReference; fileEncoding = 4; lastKnownFileType = sourcecode.swift; path = CommonTableViewCellTests.swift; sourceTree = "<group>"; };
		21D2DB262A47BF27007EFA6E /* NewsCreatorTests.swift */ = {isa = PBXFileReference; fileEncoding = 4; lastKnownFileType = sourcecode.swift; path = NewsCreatorTests.swift; sourceTree = "<group>"; };
		21DC36CA2A483F46001DEB1B /* InfoNews.swift */ = {isa = PBXFileReference; lastKnownFileType = sourcecode.swift; path = InfoNews.swift; sourceTree = "<group>"; };
		21DC36CC2A48443D001DEB1B /* TypeOfNews.swift */ = {isa = PBXFileReference; lastKnownFileType = sourcecode.swift; path = TypeOfNews.swift; sourceTree = "<group>"; };
/* End PBXFileReference section */

/* Begin PBXFrameworksBuildPhase section */
		21A970712A444D5B0053DCF4 /* Frameworks */ = {
			isa = PBXFrameworksBuildPhase;
			buildActionMask = 2147483647;
			files = (
			);
			runOnlyForDeploymentPostprocessing = 0;
		};
		21A9708A2A444D5C0053DCF4 /* Frameworks */ = {
			isa = PBXFrameworksBuildPhase;
			buildActionMask = 2147483647;
			files = (
			);
			runOnlyForDeploymentPostprocessing = 0;
		};
		21A970942A444D5C0053DCF4 /* Frameworks */ = {
			isa = PBXFrameworksBuildPhase;
			buildActionMask = 2147483647;
			files = (
			);
			runOnlyForDeploymentPostprocessing = 0;
		};
/* End PBXFrameworksBuildPhase section */

/* Begin PBXGroup section */
		21A9706B2A444D5B0053DCF4 = {
			isa = PBXGroup;
			children = (
				21A970762A444D5B0053DCF4 /* NewsApp */,
				21A970902A444D5C0053DCF4 /* NewsAppTests */,
				21A9709A2A444D5C0053DCF4 /* NewsAppUITests */,
				21A970752A444D5B0053DCF4 /* Products */,
			);
			sourceTree = "<group>";
		};
		21A970752A444D5B0053DCF4 /* Products */ = {
			isa = PBXGroup;
			children = (
				21A970742A444D5B0053DCF4 /* NewsApp.app */,
				21A9708D2A444D5C0053DCF4 /* NewsAppTests.xctest */,
				21A970972A444D5C0053DCF4 /* NewsAppUITests.xctest */,
			);
			name = Products;
			sourceTree = "<group>";
		};
		21A970762A444D5B0053DCF4 /* NewsApp */ = {
			isa = PBXGroup;
			children = (
				21A970772A444D5B0053DCF4 /* AppDelegate.swift */,
				21A970792A444D5B0053DCF4 /* SceneDelegate.swift */,
				21D2DA702A47513A007EFA6E /* ConfigureControllers */,
				21D2DA6E2A475124007EFA6E /* Builder */,
				21D2DA6F2A47512D007EFA6E /* Router */,
				21A970CB2A4498C50053DCF4 /* SupportingFiles */,
				21A970B62A447EAC0053DCF4 /* Services */,
				21A970D02A45665B0053DCF4 /* CommonCell */,
				21A970B22A447E6D0053DCF4 /* NewsModule */,
				21A970B32A447E770053DCF4 /* FavoriteNewsModule */,
				21A970D72A4574D70053DCF4 /* DetailNewsModule */,
				21A970832A444D5C0053DCF4 /* Assets.xcassets */,
				21A970852A444D5C0053DCF4 /* LaunchScreen.storyboard */,
				21A970882A444D5C0053DCF4 /* Info.plist */,
				21A970802A444D5B0053DCF4 /* NewsApp.xcdatamodeld */,
			);
			path = NewsApp;
			sourceTree = "<group>";
		};
		21A970902A444D5C0053DCF4 /* NewsAppTests */ = {
			isa = PBXGroup;
			children = (
				21A970912A444D5C0053DCF4 /* NewsAppTests.swift */,
				21D2DB1E2A47BDAF007EFA6E /* NewsViewControllerTests.swift */,
				21D2DB202A47BDC2007EFA6E /* FavoriteNewsViewControllerTests.swift */,
				21D2DB222A47BDD1007EFA6E /* DetailNewsViewControllerTests.swift */,
				21D2DB242A47BF0A007EFA6E /* CommonTableViewCellTests.swift */,
				21D2DB262A47BF27007EFA6E /* NewsCreatorTests.swift */,
			);
			path = NewsAppTests;
			sourceTree = "<group>";
		};
		21A9709A2A444D5C0053DCF4 /* NewsAppUITests */ = {
			isa = PBXGroup;
			children = (
				21A9709B2A444D5C0053DCF4 /* NewsAppUITests.swift */,
				21A9709D2A444D5C0053DCF4 /* NewsAppUITestsLaunchTests.swift */,
			);
			path = NewsAppUITests;
			sourceTree = "<group>";
		};
		21A970B22A447E6D0053DCF4 /* NewsModule */ = {
			isa = PBXGroup;
			children = (
				21D2DA8F2A477739007EFA6E /* NewsViewController */,
				21D2DA8E2A47772B007EFA6E /* NewsInteractor */,
				21D2DA902A477755007EFA6E /* NewsPresenter */,
				21A970C42A448FA50053DCF4 /* NewsModels */,
			);
			path = NewsModule;
			sourceTree = "<group>";
		};
		21A970B32A447E770053DCF4 /* FavoriteNewsModule */ = {
			isa = PBXGroup;
			children = (
				21D2DA972A4779CA007EFA6E /* FavoriteNewsViewController */,
				21D2DA982A4779E2007EFA6E /* FavoriteNewsInteractor */,
				21D2DA9D2A477A81007EFA6E /* FavoriteNewsPresenter */,
			);
			path = FavoriteNewsModule;
			sourceTree = "<group>";
		};
		21A970B62A447EAC0053DCF4 /* Services */ = {
			isa = PBXGroup;
			children = (
				21A970E82A45AEA40053DCF4 /* CoreDataStack */,
				21D2DA712A475177007EFA6E /* Creators */,
				21A970B72A447F230053DCF4 /* Network */,
			);
			path = Services;
			sourceTree = "<group>";
		};
		21A970B72A447F230053DCF4 /* Network */ = {
			isa = PBXGroup;
			children = (
				21D2DA822A4772CE007EFA6E /* NetworkServiceProtocol.swift */,
				21A970B42A447EA60053DCF4 /* NetworkService.swift */,
				21A970BC2A4488200053DCF4 /* SessionService.swift */,
			);
			path = Network;
			sourceTree = "<group>";
		};
		21A970C42A448FA50053DCF4 /* NewsModels */ = {
			isa = PBXGroup;
			children = (
				21A970B82A447F3C0053DCF4 /* NewsModelAPI.swift */,
				21A970C02A4489180053DCF4 /* News.swift */,
				21DC36CA2A483F46001DEB1B /* InfoNews.swift */,
			);
			path = NewsModels;
			sourceTree = "<group>";
		};
		21A970CB2A4498C50053DCF4 /* SupportingFiles */ = {
			isa = PBXGroup;
			children = (
				21A970BA2A4485B00053DCF4 /* Errors.swift */,
				21A970C92A4493A50053DCF4 /* Constants.swift */,
				21D2DA682A473A8A007EFA6E /* Cache.swift */,
				21DC36CC2A48443D001DEB1B /* TypeOfNews.swift */,
			);
			path = SupportingFiles;
			sourceTree = "<group>";
		};
		21A970D02A45665B0053DCF4 /* CommonCell */ = {
			isa = PBXGroup;
			children = (
				21A970CE2A44B5400053DCF4 /* NewsTableViewCell.swift */,
				21D2DA862A4773E5007EFA6E /* NewsTableViewCell + Extension.swift */,
				21D2DA842A477388007EFA6E /* NewTableViewCellDelegate.swift */,
			);
			path = CommonCell;
			sourceTree = "<group>";
		};
		21A970D72A4574D70053DCF4 /* DetailNewsModule */ = {
			isa = PBXGroup;
			children = (
				21D2DAA42A477B89007EFA6E /* DetailNewsViewController */,
				21D2DAA72A477BD8007EFA6E /* DetailInteractor */,
				21D2DAAB2A477C4C007EFA6E /* DetailNewsPresenter */,
			);
			path = DetailNewsModule;
			sourceTree = "<group>";
		};
		21A970E82A45AEA40053DCF4 /* CoreDataStack */ = {
			isa = PBXGroup;
			children = (
				21D2DA642A473370007EFA6E /* FavoriteNew+CoreDataClass.swift */,
				21D2DA652A473370007EFA6E /* FavoriteNew+CoreDataProperties.swift */,
				21A970E92A45B2750053DCF4 /* CoreDataStack.swift */,
			);
			path = CoreDataStack;
			sourceTree = "<group>";
		};
		21D2DA6E2A475124007EFA6E /* Builder */ = {
			isa = PBXGroup;
			children = (
				21D2DA742A4767D1007EFA6E /* BuilderProtocol.swift */,
				21A970CC2A4498D60053DCF4 /* Builder.swift */,
			);
			path = Builder;
			sourceTree = "<group>";
		};
		21D2DA6F2A47512D007EFA6E /* Router */ = {
			isa = PBXGroup;
			children = (
				21D2DA762A476820007EFA6E /* RouterProtocol.swift */,
				21D2DA7A2A4768E7007EFA6E /* Router.swift */,
				21A970DA2A457EC60053DCF4 /* NewsRouter.swift */,
				21D2DA782A476886007EFA6E /* FavoriteRouter.swift */,
			);
			path = Router;
			sourceTree = "<group>";
		};
		21D2DA702A47513A007EFA6E /* ConfigureControllers */ = {
			isa = PBXGroup;
			children = (
				21A970AC2A4478AD0053DCF4 /* TabBarCreator.swift */,
				21D2DA6A2A474E4C007EFA6E /* NavigationControllerCreator.swift */,
				21D2DA6C2A474F1A007EFA6E /* ViewControllersUpdater.swift */,
			);
			path = ConfigureControllers;
			sourceTree = "<group>";
		};
		21D2DA712A475177007EFA6E /* Creators */ = {
			isa = PBXGroup;
			children = (
				21D2DA802A47729A007EFA6E /* JSONParser */,
				21D2DA812A4772A5007EFA6E /* NewsCreator */,
			);
			path = Creators;
			sourceTree = "<group>";
		};
		21D2DA802A47729A007EFA6E /* JSONParser */ = {
			isa = PBXGroup;
			children = (
				21D2DA7C2A477274007EFA6E /* JSONParserProtocol.swift */,
				21A970BE2A4488B80053DCF4 /* JSONParser.swift */,
			);
			path = JSONParser;
			sourceTree = "<group>";
		};
		21D2DA812A4772A5007EFA6E /* NewsCreator */ = {
			isa = PBXGroup;
			children = (
				21D2DA7E2A47728F007EFA6E /* NewsCreatorProtocol.swift */,
				21A970C22A448DF70053DCF4 /* NewsCreator.swift */,
			);
			path = NewsCreator;
			sourceTree = "<group>";
		};
		21D2DA8E2A47772B007EFA6E /* NewsInteractor */ = {
			isa = PBXGroup;
			children = (
				21D2DA8C2A47771F007EFA6E /* NewsInteractorProtocol.swift */,
				21A970C72A448FCD0053DCF4 /* NewsInteractor.swift */,
			);
			path = NewsInteractor;
			sourceTree = "<group>";
		};
		21D2DA8F2A477739007EFA6E /* NewsViewController */ = {
			isa = PBXGroup;
			children = (
				21D2DA882A47764E007EFA6E /* NewsViewControllerProtocol.swift */,
				21D2DA8A2A47767F007EFA6E /* NewsViewController + Extensions.swift */,
				21A970AE2A447D7D0053DCF4 /* NewsViewController.swift */,
			);
			path = NewsViewController;
			sourceTree = "<group>";
		};
		21D2DA902A477755007EFA6E /* NewsPresenter */ = {
			isa = PBXGroup;
			children = (
				21D2DA912A477764007EFA6E /* NewsPresenterProtocol.swift */,
				21A970C52A448FC30053DCF4 /* NewsPresenter.swift */,
			);
			path = NewsPresenter;
			sourceTree = "<group>";
		};
		21D2DA972A4779CA007EFA6E /* FavoriteNewsViewController */ = {
			isa = PBXGroup;
			children = (
				21D2DA932A47787A007EFA6E /* FavoriteNewsViewControllerProtocol.swift */,
				21D2DA952A477925007EFA6E /* FavoriteNewsViewController + Extensions.swift */,
				21A970B02A447D8D0053DCF4 /* FavoriteNewsTableViewController.swift */,
			);
			path = FavoriteNewsViewController;
			sourceTree = "<group>";
		};
		21D2DA982A4779E2007EFA6E /* FavoriteNewsInteractor */ = {
			isa = PBXGroup;
			children = (
				21D2DA992A477A0D007EFA6E /* FavoriteNewsInteractorProtocol.swift */,
				21A970D32A45677E0053DCF4 /* FavoriteNewsInteractor.swift */,
			);
			path = FavoriteNewsInteractor;
			sourceTree = "<group>";
		};
		21D2DA9D2A477A81007EFA6E /* FavoriteNewsPresenter */ = {
			isa = PBXGroup;
			children = (
				21D2DA9B2A477A45007EFA6E /* FavoriteNewsPresenterProtocol.swift */,
				21A970D12A4567710053DCF4 /* FavoriteNewsPresenter.swift */,
			);
			path = FavoriteNewsPresenter;
			sourceTree = "<group>";
		};
		21D2DAA42A477B89007EFA6E /* DetailNewsViewController */ = {
			isa = PBXGroup;
			children = (
				21D2DA9E2A477AAF007EFA6E /* DynamicLabel.swift */,
				21D2DAA22A477B5E007EFA6E /* DetailNewsViewController + Extensions.swift */,
				21D2DAA02A477AF4007EFA6E /* DetailNewsViewControllerProtocol.swift */,
				21A970D52A4574C90053DCF4 /* DetailNewsViewController.swift */,
			);
			path = DetailNewsViewController;
			sourceTree = "<group>";
		};
		21D2DAA72A477BD8007EFA6E /* DetailInteractor */ = {
			isa = PBXGroup;
			children = (
				21D2DAA52A477BAD007EFA6E /* DetailInteractorProtocol.swift */,
				21A970DE2A4582180053DCF4 /* DetailInteractor.swift */,
			);
			path = DetailInteractor;
			sourceTree = "<group>";
		};
		21D2DAAB2A477C4C007EFA6E /* DetailNewsPresenter */ = {
			isa = PBXGroup;
			children = (
				21D2DAA82A477C09007EFA6E /* DetailNewsPresenterProtocol.swift */,
				21A970D82A4576CB0053DCF4 /* DetailNewsPresenter.swift */,
			);
			path = DetailNewsPresenter;
			sourceTree = "<group>";
		};
/* End PBXGroup section */

/* Begin PBXNativeTarget section */
		21A970732A444D5B0053DCF4 /* NewsApp */ = {
			isa = PBXNativeTarget;
			buildConfigurationList = 21A970A12A444D5C0053DCF4 /* Build configuration list for PBXNativeTarget "NewsApp" */;
			buildPhases = (
				21A970702A444D5B0053DCF4 /* Sources */,
				21A970712A444D5B0053DCF4 /* Frameworks */,
				21A970722A444D5B0053DCF4 /* Resources */,
			);
			buildRules = (
			);
			dependencies = (
			);
			name = NewsApp;
			productName = NewsApp;
			productReference = 21A970742A444D5B0053DCF4 /* NewsApp.app */;
			productType = "com.apple.product-type.application";
		};
		21A9708C2A444D5C0053DCF4 /* NewsAppTests */ = {
			isa = PBXNativeTarget;
			buildConfigurationList = 21A970A42A444D5C0053DCF4 /* Build configuration list for PBXNativeTarget "NewsAppTests" */;
			buildPhases = (
				21A970892A444D5C0053DCF4 /* Sources */,
				21A9708A2A444D5C0053DCF4 /* Frameworks */,
				21A9708B2A444D5C0053DCF4 /* Resources */,
			);
			buildRules = (
			);
			dependencies = (
				21A9708F2A444D5C0053DCF4 /* PBXTargetDependency */,
			);
			name = NewsAppTests;
			productName = NewsAppTests;
			productReference = 21A9708D2A444D5C0053DCF4 /* NewsAppTests.xctest */;
			productType = "com.apple.product-type.bundle.unit-test";
		};
		21A970962A444D5C0053DCF4 /* NewsAppUITests */ = {
			isa = PBXNativeTarget;
			buildConfigurationList = 21A970A72A444D5C0053DCF4 /* Build configuration list for PBXNativeTarget "NewsAppUITests" */;
			buildPhases = (
				21A970932A444D5C0053DCF4 /* Sources */,
				21A970942A444D5C0053DCF4 /* Frameworks */,
				21A970952A444D5C0053DCF4 /* Resources */,
			);
			buildRules = (
			);
			dependencies = (
				21A970992A444D5C0053DCF4 /* PBXTargetDependency */,
			);
			name = NewsAppUITests;
			productName = NewsAppUITests;
			productReference = 21A970972A444D5C0053DCF4 /* NewsAppUITests.xctest */;
			productType = "com.apple.product-type.bundle.ui-testing";
		};
/* End PBXNativeTarget section */

/* Begin PBXProject section */
		21A9706C2A444D5B0053DCF4 /* Project object */ = {
			isa = PBXProject;
			attributes = {
				BuildIndependentTargetsInParallel = 1;
				LastSwiftUpdateCheck = 1420;
				LastUpgradeCheck = 1420;
				TargetAttributes = {
					21A970732A444D5B0053DCF4 = {
						CreatedOnToolsVersion = 14.2;
					};
					21A9708C2A444D5C0053DCF4 = {
						CreatedOnToolsVersion = 14.2;
						TestTargetID = 21A970732A444D5B0053DCF4;
					};
					21A970962A444D5C0053DCF4 = {
						CreatedOnToolsVersion = 14.2;
						TestTargetID = 21A970732A444D5B0053DCF4;
					};
				};
			};
			buildConfigurationList = 21A9706F2A444D5B0053DCF4 /* Build configuration list for PBXProject "NewsApp" */;
			compatibilityVersion = "Xcode 14.0";
			developmentRegion = en;
			hasScannedForEncodings = 0;
			knownRegions = (
				en,
				Base,
			);
			mainGroup = 21A9706B2A444D5B0053DCF4;
			productRefGroup = 21A970752A444D5B0053DCF4 /* Products */;
			projectDirPath = "";
			projectRoot = "";
			targets = (
				21A970732A444D5B0053DCF4 /* NewsApp */,
				21A9708C2A444D5C0053DCF4 /* NewsAppTests */,
				21A970962A444D5C0053DCF4 /* NewsAppUITests */,
			);
		};
/* End PBXProject section */

/* Begin PBXResourcesBuildPhase section */
		21A970722A444D5B0053DCF4 /* Resources */ = {
			isa = PBXResourcesBuildPhase;
			buildActionMask = 2147483647;
			files = (
				21A970872A444D5C0053DCF4 /* LaunchScreen.storyboard in Resources */,
				21A970842A444D5C0053DCF4 /* Assets.xcassets in Resources */,
			);
			runOnlyForDeploymentPostprocessing = 0;
		};
		21A9708B2A444D5C0053DCF4 /* Resources */ = {
			isa = PBXResourcesBuildPhase;
			buildActionMask = 2147483647;
			files = (
			);
			runOnlyForDeploymentPostprocessing = 0;
		};
		21A970952A444D5C0053DCF4 /* Resources */ = {
			isa = PBXResourcesBuildPhase;
			buildActionMask = 2147483647;
			files = (
			);
			runOnlyForDeploymentPostprocessing = 0;
		};
/* End PBXResourcesBuildPhase section */

/* Begin PBXSourcesBuildPhase section */
		21A970702A444D5B0053DCF4 /* Sources */ = {
			isa = PBXSourcesBuildPhase;
			buildActionMask = 2147483647;
			files = (
				21D2DA7F2A47728F007EFA6E /* NewsCreatorProtocol.swift in Sources */,
				21D2DA7D2A477274007EFA6E /* JSONParserProtocol.swift in Sources */,
				21A970B92A447F3C0053DCF4 /* NewsModelAPI.swift in Sources */,
				21A970DF2A4582180053DCF4 /* DetailInteractor.swift in Sources */,
				21D2DAA32A477B5E007EFA6E /* DetailNewsViewController + Extensions.swift in Sources */,
				21A970AD2A4478AD0053DCF4 /* TabBarCreator.swift in Sources */,
				21A970B52A447EA60053DCF4 /* NetworkService.swift in Sources */,
				21A970D42A45677E0053DCF4 /* FavoriteNewsInteractor.swift in Sources */,
				21A970782A444D5B0053DCF4 /* AppDelegate.swift in Sources */,
				21A970EA2A45B2750053DCF4 /* CoreDataStack.swift in Sources */,
				21D2DAA92A477C09007EFA6E /* DetailNewsPresenterProtocol.swift in Sources */,
				21A970B12A447D8D0053DCF4 /* FavoriteNewsTableViewController.swift in Sources */,
				21A970BF2A4488B80053DCF4 /* JSONParser.swift in Sources */,
				21D2DA752A4767D1007EFA6E /* BuilderProtocol.swift in Sources */,
				21D2DA962A477925007EFA6E /* FavoriteNewsViewController + Extensions.swift in Sources */,
				21D2DA9A2A477A0D007EFA6E /* FavoriteNewsInteractorProtocol.swift in Sources */,
				21D2DA832A4772CE007EFA6E /* NetworkServiceProtocol.swift in Sources */,
				21D2DA922A477764007EFA6E /* NewsPresenterProtocol.swift in Sources */,
				21A970C12A4489180053DCF4 /* News.swift in Sources */,
				21D2DA662A473370007EFA6E /* FavoriteNew+CoreDataClass.swift in Sources */,
				21A970CD2A4498D60053DCF4 /* Builder.swift in Sources */,
				21D2DA6B2A474E4C007EFA6E /* NavigationControllerCreator.swift in Sources */,
				21D2DA9C2A477A45007EFA6E /* FavoriteNewsPresenterProtocol.swift in Sources */,
				21A970CF2A44B5400053DCF4 /* NewsTableViewCell.swift in Sources */,
				21A970CA2A4493A50053DCF4 /* Constants.swift in Sources */,
				21A970822A444D5B0053DCF4 /* NewsApp.xcdatamodeld in Sources */,
				21D2DA942A47787A007EFA6E /* FavoriteNewsViewControllerProtocol.swift in Sources */,
				21D2DA7B2A4768E7007EFA6E /* Router.swift in Sources */,
				21A970C82A448FCD0053DCF4 /* NewsInteractor.swift in Sources */,
				21A970D62A4574C90053DCF4 /* DetailNewsViewController.swift in Sources */,
				21A970BD2A4488200053DCF4 /* SessionService.swift in Sources */,
				21D2DA772A476820007EFA6E /* RouterProtocol.swift in Sources */,
				21A970C62A448FC30053DCF4 /* NewsPresenter.swift in Sources */,
				21D2DA892A47764E007EFA6E /* NewsViewControllerProtocol.swift in Sources */,
				21A970DB2A457EC60053DCF4 /* NewsRouter.swift in Sources */,
				21A970C32A448DF70053DCF4 /* NewsCreator.swift in Sources */,
				21D2DA9F2A477AAF007EFA6E /* DynamicLabel.swift in Sources */,
				21A970AF2A447D7D0053DCF4 /* NewsViewController.swift in Sources */,
				21D2DA792A476886007EFA6E /* FavoriteRouter.swift in Sources */,
				21D2DA8B2A47767F007EFA6E /* NewsViewController + Extensions.swift in Sources */,
				21D2DAA12A477AF4007EFA6E /* DetailNewsViewControllerProtocol.swift in Sources */,
				21A970D22A4567710053DCF4 /* FavoriteNewsPresenter.swift in Sources */,
				21D2DA8D2A47771F007EFA6E /* NewsInteractorProtocol.swift in Sources */,
				21D2DA852A477388007EFA6E /* NewTableViewCellDelegate.swift in Sources */,
				21D2DA672A473370007EFA6E /* FavoriteNew+CoreDataProperties.swift in Sources */,
				21A970BB2A4485B00053DCF4 /* Errors.swift in Sources */,
				21D2DAA62A477BAD007EFA6E /* DetailInteractorProtocol.swift in Sources */,
				21DC36CB2A483F46001DEB1B /* InfoNews.swift in Sources */,
				21D2DA6D2A474F1A007EFA6E /* ViewControllersUpdater.swift in Sources */,
				21DC36CD2A48443D001DEB1B /* TypeOfNews.swift in Sources */,
				21A970D92A4576CB0053DCF4 /* DetailNewsPresenter.swift in Sources */,
				21A9707A2A444D5B0053DCF4 /* SceneDelegate.swift in Sources */,
				21D2DA872A4773E5007EFA6E /* NewsTableViewCell + Extension.swift in Sources */,
				21D2DA692A473A8A007EFA6E /* Cache.swift in Sources */,
			);
			runOnlyForDeploymentPostprocessing = 0;
		};
		21A970892A444D5C0053DCF4 /* Sources */ = {
			isa = PBXSourcesBuildPhase;
			buildActionMask = 2147483647;
			files = (
				21D2DB232A47BDD1007EFA6E /* DetailNewsViewControllerTests.swift in Sources */,
				21D2DB212A47BDC2007EFA6E /* FavoriteNewsViewControllerTests.swift in Sources */,
				21A970922A444D5C0053DCF4 /* NewsAppTests.swift in Sources */,
				21D2DB252A47BF0A007EFA6E /* CommonTableViewCellTests.swift in Sources */,
				21D2DB1F2A47BDAF007EFA6E /* NewsViewControllerTests.swift in Sources */,
				21D2DB272A47BF28007EFA6E /* NewsCreatorTests.swift in Sources */,
			);
			runOnlyForDeploymentPostprocessing = 0;
		};
		21A970932A444D5C0053DCF4 /* Sources */ = {
			isa = PBXSourcesBuildPhase;
			buildActionMask = 2147483647;
			files = (
				21A9709C2A444D5C0053DCF4 /* NewsAppUITests.swift in Sources */,
				21A9709E2A444D5C0053DCF4 /* NewsAppUITestsLaunchTests.swift in Sources */,
			);
			runOnlyForDeploymentPostprocessing = 0;
		};
/* End PBXSourcesBuildPhase section */

/* Begin PBXTargetDependency section */
		21A9708F2A444D5C0053DCF4 /* PBXTargetDependency */ = {
			isa = PBXTargetDependency;
			target = 21A970732A444D5B0053DCF4 /* NewsApp */;
			targetProxy = 21A9708E2A444D5C0053DCF4 /* PBXContainerItemProxy */;
		};
		21A970992A444D5C0053DCF4 /* PBXTargetDependency */ = {
			isa = PBXTargetDependency;
			target = 21A970732A444D5B0053DCF4 /* NewsApp */;
			targetProxy = 21A970982A444D5C0053DCF4 /* PBXContainerItemProxy */;
		};
/* End PBXTargetDependency section */

/* Begin PBXVariantGroup section */
		21A970852A444D5C0053DCF4 /* LaunchScreen.storyboard */ = {
			isa = PBXVariantGroup;
			children = (
				21A970862A444D5C0053DCF4 /* Base */,
			);
			name = LaunchScreen.storyboard;
			sourceTree = "<group>";
		};
/* End PBXVariantGroup section */

/* Begin XCBuildConfiguration section */
		21A9709F2A444D5C0053DCF4 /* Debug */ = {
			isa = XCBuildConfiguration;
			buildSettings = {
				ALWAYS_SEARCH_USER_PATHS = NO;
				CLANG_ANALYZER_NONNULL = YES;
				CLANG_ANALYZER_NUMBER_OBJECT_CONVERSION = YES_AGGRESSIVE;
				CLANG_CXX_LANGUAGE_STANDARD = "gnu++20";
				CLANG_ENABLE_MODULES = YES;
				CLANG_ENABLE_OBJC_ARC = YES;
				CLANG_ENABLE_OBJC_WEAK = YES;
				CLANG_WARN_BLOCK_CAPTURE_AUTORELEASING = YES;
				CLANG_WARN_BOOL_CONVERSION = YES;
				CLANG_WARN_COMMA = YES;
				CLANG_WARN_CONSTANT_CONVERSION = YES;
				CLANG_WARN_DEPRECATED_OBJC_IMPLEMENTATIONS = YES;
				CLANG_WARN_DIRECT_OBJC_ISA_USAGE = YES_ERROR;
				CLANG_WARN_DOCUMENTATION_COMMENTS = YES;
				CLANG_WARN_EMPTY_BODY = YES;
				CLANG_WARN_ENUM_CONVERSION = YES;
				CLANG_WARN_INFINITE_RECURSION = YES;
				CLANG_WARN_INT_CONVERSION = YES;
				CLANG_WARN_NON_LITERAL_NULL_CONVERSION = YES;
				CLANG_WARN_OBJC_IMPLICIT_RETAIN_SELF = YES;
				CLANG_WARN_OBJC_LITERAL_CONVERSION = YES;
				CLANG_WARN_OBJC_ROOT_CLASS = YES_ERROR;
				CLANG_WARN_QUOTED_INCLUDE_IN_FRAMEWORK_HEADER = YES;
				CLANG_WARN_RANGE_LOOP_ANALYSIS = YES;
				CLANG_WARN_STRICT_PROTOTYPES = YES;
				CLANG_WARN_SUSPICIOUS_MOVE = YES;
				CLANG_WARN_UNGUARDED_AVAILABILITY = YES_AGGRESSIVE;
				CLANG_WARN_UNREACHABLE_CODE = YES;
				CLANG_WARN__DUPLICATE_METHOD_MATCH = YES;
				COPY_PHASE_STRIP = NO;
				DEBUG_INFORMATION_FORMAT = dwarf;
				ENABLE_STRICT_OBJC_MSGSEND = YES;
				ENABLE_TESTABILITY = YES;
				GCC_C_LANGUAGE_STANDARD = gnu11;
				GCC_DYNAMIC_NO_PIC = NO;
				GCC_NO_COMMON_BLOCKS = YES;
				GCC_OPTIMIZATION_LEVEL = 0;
				GCC_PREPROCESSOR_DEFINITIONS = (
					"DEBUG=1",
					"$(inherited)",
				);
				GCC_WARN_64_TO_32_BIT_CONVERSION = YES;
				GCC_WARN_ABOUT_RETURN_TYPE = YES_ERROR;
				GCC_WARN_UNDECLARED_SELECTOR = YES;
				GCC_WARN_UNINITIALIZED_AUTOS = YES_AGGRESSIVE;
				GCC_WARN_UNUSED_FUNCTION = YES;
				GCC_WARN_UNUSED_VARIABLE = YES;
				IPHONEOS_DEPLOYMENT_TARGET = 16.2;
				MTL_ENABLE_DEBUG_INFO = INCLUDE_SOURCE;
				MTL_FAST_MATH = YES;
				ONLY_ACTIVE_ARCH = YES;
				SDKROOT = iphoneos;
				SWIFT_ACTIVE_COMPILATION_CONDITIONS = DEBUG;
				SWIFT_OPTIMIZATION_LEVEL = "-Onone";
			};
			name = Debug;
		};
		21A970A02A444D5C0053DCF4 /* Release */ = {
			isa = XCBuildConfiguration;
			buildSettings = {
				ALWAYS_SEARCH_USER_PATHS = NO;
				CLANG_ANALYZER_NONNULL = YES;
				CLANG_ANALYZER_NUMBER_OBJECT_CONVERSION = YES_AGGRESSIVE;
				CLANG_CXX_LANGUAGE_STANDARD = "gnu++20";
				CLANG_ENABLE_MODULES = YES;
				CLANG_ENABLE_OBJC_ARC = YES;
				CLANG_ENABLE_OBJC_WEAK = YES;
				CLANG_WARN_BLOCK_CAPTURE_AUTORELEASING = YES;
				CLANG_WARN_BOOL_CONVERSION = YES;
				CLANG_WARN_COMMA = YES;
				CLANG_WARN_CONSTANT_CONVERSION = YES;
				CLANG_WARN_DEPRECATED_OBJC_IMPLEMENTATIONS = YES;
				CLANG_WARN_DIRECT_OBJC_ISA_USAGE = YES_ERROR;
				CLANG_WARN_DOCUMENTATION_COMMENTS = YES;
				CLANG_WARN_EMPTY_BODY = YES;
				CLANG_WARN_ENUM_CONVERSION = YES;
				CLANG_WARN_INFINITE_RECURSION = YES;
				CLANG_WARN_INT_CONVERSION = YES;
				CLANG_WARN_NON_LITERAL_NULL_CONVERSION = YES;
				CLANG_WARN_OBJC_IMPLICIT_RETAIN_SELF = YES;
				CLANG_WARN_OBJC_LITERAL_CONVERSION = YES;
				CLANG_WARN_OBJC_ROOT_CLASS = YES_ERROR;
				CLANG_WARN_QUOTED_INCLUDE_IN_FRAMEWORK_HEADER = YES;
				CLANG_WARN_RANGE_LOOP_ANALYSIS = YES;
				CLANG_WARN_STRICT_PROTOTYPES = YES;
				CLANG_WARN_SUSPICIOUS_MOVE = YES;
				CLANG_WARN_UNGUARDED_AVAILABILITY = YES_AGGRESSIVE;
				CLANG_WARN_UNREACHABLE_CODE = YES;
				CLANG_WARN__DUPLICATE_METHOD_MATCH = YES;
				COPY_PHASE_STRIP = NO;
				DEBUG_INFORMATION_FORMAT = "dwarf-with-dsym";
				ENABLE_NS_ASSERTIONS = NO;
				ENABLE_STRICT_OBJC_MSGSEND = YES;
				GCC_C_LANGUAGE_STANDARD = gnu11;
				GCC_NO_COMMON_BLOCKS = YES;
				GCC_WARN_64_TO_32_BIT_CONVERSION = YES;
				GCC_WARN_ABOUT_RETURN_TYPE = YES_ERROR;
				GCC_WARN_UNDECLARED_SELECTOR = YES;
				GCC_WARN_UNINITIALIZED_AUTOS = YES_AGGRESSIVE;
				GCC_WARN_UNUSED_FUNCTION = YES;
				GCC_WARN_UNUSED_VARIABLE = YES;
				IPHONEOS_DEPLOYMENT_TARGET = 16.2;
				MTL_ENABLE_DEBUG_INFO = NO;
				MTL_FAST_MATH = YES;
				SDKROOT = iphoneos;
				SWIFT_COMPILATION_MODE = wholemodule;
				SWIFT_OPTIMIZATION_LEVEL = "-O";
				VALIDATE_PRODUCT = YES;
			};
			name = Release;
		};
		21A970A22A444D5C0053DCF4 /* Debug */ = {
			isa = XCBuildConfiguration;
			buildSettings = {
				ASSETCATALOG_COMPILER_APPICON_NAME = AppIcon;
				ASSETCATALOG_COMPILER_GLOBAL_ACCENT_COLOR_NAME = AccentColor;
				CODE_SIGN_STYLE = Automatic;
				CURRENT_PROJECT_VERSION = 1;
				DEVELOPMENT_TEAM = KX8766VHZ8;
				GENERATE_INFOPLIST_FILE = YES;
				INFOPLIST_FILE = NewsApp/Info.plist;
				INFOPLIST_KEY_UIApplicationSupportsIndirectInputEvents = YES;
				INFOPLIST_KEY_UILaunchStoryboardName = LaunchScreen;
				INFOPLIST_KEY_UISupportedInterfaceOrientations_iPad = "UIInterfaceOrientationPortrait UIInterfaceOrientationPortraitUpsideDown UIInterfaceOrientationLandscapeLeft UIInterfaceOrientationLandscapeRight";
				INFOPLIST_KEY_UISupportedInterfaceOrientations_iPhone = "UIInterfaceOrientationPortrait UIInterfaceOrientationLandscapeLeft UIInterfaceOrientationLandscapeRight";
				LD_RUNPATH_SEARCH_PATHS = (
					"$(inherited)",
					"@executable_path/Frameworks",
				);
				MARKETING_VERSION = 1.0;
				PRODUCT_BUNDLE_IDENTIFIER = com.AlejandroRkhmv.NewsApp;
				PRODUCT_NAME = "$(TARGET_NAME)";
				SWIFT_EMIT_LOC_STRINGS = YES;
				SWIFT_VERSION = 5.0;
				TARGETED_DEVICE_FAMILY = "1,2";
			};
			name = Debug;
		};
		21A970A32A444D5C0053DCF4 /* Release */ = {
			isa = XCBuildConfiguration;
			buildSettings = {
				ASSETCATALOG_COMPILER_APPICON_NAME = AppIcon;
				ASSETCATALOG_COMPILER_GLOBAL_ACCENT_COLOR_NAME = AccentColor;
				CODE_SIGN_STYLE = Automatic;
				CURRENT_PROJECT_VERSION = 1;
				DEVELOPMENT_TEAM = KX8766VHZ8;
				GENERATE_INFOPLIST_FILE = YES;
				INFOPLIST_FILE = NewsApp/Info.plist;
				INFOPLIST_KEY_UIApplicationSupportsIndirectInputEvents = YES;
				INFOPLIST_KEY_UILaunchStoryboardName = LaunchScreen;
				INFOPLIST_KEY_UISupportedInterfaceOrientations_iPad = "UIInterfaceOrientationPortrait UIInterfaceOrientationPortraitUpsideDown UIInterfaceOrientationLandscapeLeft UIInterfaceOrientationLandscapeRight";
				INFOPLIST_KEY_UISupportedInterfaceOrientations_iPhone = "UIInterfaceOrientationPortrait UIInterfaceOrientationLandscapeLeft UIInterfaceOrientationLandscapeRight";
				LD_RUNPATH_SEARCH_PATHS = (
					"$(inherited)",
					"@executable_path/Frameworks",
				);
				MARKETING_VERSION = 1.0;
				PRODUCT_BUNDLE_IDENTIFIER = com.AlejandroRkhmv.NewsApp;
				PRODUCT_NAME = "$(TARGET_NAME)";
				SWIFT_EMIT_LOC_STRINGS = YES;
				SWIFT_VERSION = 5.0;
				TARGETED_DEVICE_FAMILY = "1,2";
			};
			name = Release;
		};
		21A970A52A444D5C0053DCF4 /* Debug */ = {
			isa = XCBuildConfiguration;
			buildSettings = {
				ALWAYS_EMBED_SWIFT_STANDARD_LIBRARIES = YES;
				BUNDLE_LOADER = "$(TEST_HOST)";
				CODE_SIGN_STYLE = Automatic;
				CURRENT_PROJECT_VERSION = 1;
				DEVELOPMENT_TEAM = KX8766VHZ8;
				GENERATE_INFOPLIST_FILE = YES;
				IPHONEOS_DEPLOYMENT_TARGET = 16.2;
				MARKETING_VERSION = 1.0;
				PRODUCT_BUNDLE_IDENTIFIER = com.AlejandroRkhmv.NewsAppTests;
				PRODUCT_NAME = "$(TARGET_NAME)";
				SWIFT_EMIT_LOC_STRINGS = NO;
				SWIFT_VERSION = 5.0;
				TARGETED_DEVICE_FAMILY = "1,2";
				TEST_HOST = "$(BUILT_PRODUCTS_DIR)/NewsApp.app/$(BUNDLE_EXECUTABLE_FOLDER_PATH)/NewsApp";
			};
			name = Debug;
		};
		21A970A62A444D5C0053DCF4 /* Release */ = {
			isa = XCBuildConfiguration;
			buildSettings = {
				ALWAYS_EMBED_SWIFT_STANDARD_LIBRARIES = YES;
				BUNDLE_LOADER = "$(TEST_HOST)";
				CODE_SIGN_STYLE = Automatic;
				CURRENT_PROJECT_VERSION = 1;
				DEVELOPMENT_TEAM = KX8766VHZ8;
				GENERATE_INFOPLIST_FILE = YES;
				IPHONEOS_DEPLOYMENT_TARGET = 16.2;
				MARKETING_VERSION = 1.0;
				PRODUCT_BUNDLE_IDENTIFIER = com.AlejandroRkhmv.NewsAppTests;
				PRODUCT_NAME = "$(TARGET_NAME)";
				SWIFT_EMIT_LOC_STRINGS = NO;
				SWIFT_VERSION = 5.0;
				TARGETED_DEVICE_FAMILY = "1,2";
				TEST_HOST = "$(BUILT_PRODUCTS_DIR)/NewsApp.app/$(BUNDLE_EXECUTABLE_FOLDER_PATH)/NewsApp";
			};
			name = Release;
		};
		21A970A82A444D5C0053DCF4 /* Debug */ = {
			isa = XCBuildConfiguration;
			buildSettings = {
				ALWAYS_EMBED_SWIFT_STANDARD_LIBRARIES = YES;
				CODE_SIGN_STYLE = Automatic;
				CURRENT_PROJECT_VERSION = 1;
				DEVELOPMENT_TEAM = KX8766VHZ8;
				GENERATE_INFOPLIST_FILE = YES;
				MARKETING_VERSION = 1.0;
				PRODUCT_BUNDLE_IDENTIFIER = com.AlejandroRkhmv.NewsAppUITests;
				PRODUCT_NAME = "$(TARGET_NAME)";
				SWIFT_EMIT_LOC_STRINGS = NO;
				SWIFT_VERSION = 5.0;
				TARGETED_DEVICE_FAMILY = "1,2";
				TEST_TARGET_NAME = NewsApp;
			};
			name = Debug;
		};
		21A970A92A444D5C0053DCF4 /* Release */ = {
			isa = XCBuildConfiguration;
			buildSettings = {
				ALWAYS_EMBED_SWIFT_STANDARD_LIBRARIES = YES;
				CODE_SIGN_STYLE = Automatic;
				CURRENT_PROJECT_VERSION = 1;
				DEVELOPMENT_TEAM = KX8766VHZ8;
				GENERATE_INFOPLIST_FILE = YES;
				MARKETING_VERSION = 1.0;
				PRODUCT_BUNDLE_IDENTIFIER = com.AlejandroRkhmv.NewsAppUITests;
				PRODUCT_NAME = "$(TARGET_NAME)";
				SWIFT_EMIT_LOC_STRINGS = NO;
				SWIFT_VERSION = 5.0;
				TARGETED_DEVICE_FAMILY = "1,2";
				TEST_TARGET_NAME = NewsApp;
			};
			name = Release;
		};
/* End XCBuildConfiguration section */

/* Begin XCConfigurationList section */
		21A9706F2A444D5B0053DCF4 /* Build configuration list for PBXProject "NewsApp" */ = {
			isa = XCConfigurationList;
			buildConfigurations = (
				21A9709F2A444D5C0053DCF4 /* Debug */,
				21A970A02A444D5C0053DCF4 /* Release */,
			);
			defaultConfigurationIsVisible = 0;
			defaultConfigurationName = Release;
		};
		21A970A12A444D5C0053DCF4 /* Build configuration list for PBXNativeTarget "NewsApp" */ = {
			isa = XCConfigurationList;
			buildConfigurations = (
				21A970A22A444D5C0053DCF4 /* Debug */,
				21A970A32A444D5C0053DCF4 /* Release */,
			);
			defaultConfigurationIsVisible = 0;
			defaultConfigurationName = Release;
		};
		21A970A42A444D5C0053DCF4 /* Build configuration list for PBXNativeTarget "NewsAppTests" */ = {
			isa = XCConfigurationList;
			buildConfigurations = (
				21A970A52A444D5C0053DCF4 /* Debug */,
				21A970A62A444D5C0053DCF4 /* Release */,
			);
			defaultConfigurationIsVisible = 0;
			defaultConfigurationName = Release;
		};
		21A970A72A444D5C0053DCF4 /* Build configuration list for PBXNativeTarget "NewsAppUITests" */ = {
			isa = XCConfigurationList;
			buildConfigurations = (
				21A970A82A444D5C0053DCF4 /* Debug */,
				21A970A92A444D5C0053DCF4 /* Release */,
			);
			defaultConfigurationIsVisible = 0;
			defaultConfigurationName = Release;
		};
/* End XCConfigurationList section */

/* Begin XCVersionGroup section */
		21A970802A444D5B0053DCF4 /* NewsApp.xcdatamodeld */ = {
			isa = XCVersionGroup;
			children = (
				21A970812A444D5B0053DCF4 /* NewsApp.xcdatamodel */,
			);
			currentVersion = 21A970812A444D5B0053DCF4 /* NewsApp.xcdatamodel */;
			path = NewsApp.xcdatamodeld;
			sourceTree = "<group>";
			versionGroupType = wrapper.xcdatamodel;
		};
/* End XCVersionGroup section */
	};
	rootObject = 21A9706C2A444D5B0053DCF4 /* Project object */;
}
